
Microsoft Visual Studio Solution File, Format Version 12.00
# Visual Studio 15
VisualStudioVersion = 15.0.28307.645
MinimumVisualStudioVersion = 10.0.40219.1
Project("{FAE04EC0-301F-11D3-BF4B-00C04F79EFBC}") = "COMP3304Assessment", "COMP3304Assessment\COMP3304Assessment.csproj", "{7BFB30B4-E94E-41FB-AD3A-431CAE40D5E5}"
EndProject
Global
	GlobalSection(SolutionConfigurationPlatforms) = preSolution
		Debug|Any CPU = Debug|Any CPU
		Release|Any CPU = Release|Any CPU
	EndGlobalSection
	GlobalSection(ProjectConfigurationPlatforms) = postSolution
		{7BFB30B4-E94E-41FB-AD3A-431CAE40D5E5}.Debug|Any CPU.ActiveCfg = Debug|Any CPU
		{7BFB30B4-E94E-41FB-AD3A-431CAE40D5E5}.Debug|Any CPU.Build.0 = Debug|Any CPU
		{7BFB30B4-E94E-41FB-AD3A-431CAE40D5E5}.Release|Any CPU.ActiveCfg = Release|Any CPU
		{7BFB30B4-E94E-41FB-AD3A-431CAE40D5E5}.Release|Any CPU.Build.0 = Release|Any CPU
	EndGlobalSection
	GlobalSection(SolutionProperties) = preSolution
		HideSolutionNode = FALSE
	EndGlobalSection
	GlobalSection(ExtensibilityGlobals) = postSolution
		SolutionGuid = {F183BC08-0A76-4D0C-9EB2-7B27C665ED7E}
	EndGlobalSection
EndGlobal
